
Microsoft Visual Studio Solution File, Format Version 12.00
# Visual Studio Version 17
VisualStudioVersion = 17.2.32630.192
MinimumVisualStudioVersion = 10.0.40219.1
Project("{FAE04EC0-301F-11D3-BF4B-00C04F79EFBC}") = "IntacctSDKCustomDateTimeExample", "IntacctSDKCustomDateTimeExample\IntacctSDKCustomDateTimeExample.csproj", "{010DFB26-2F0D-4688-98F6-6F360187DCD4}"
EndProject
Global
	GlobalSection(SolutionConfigurationPlatforms) = preSolution
		Debug|Any CPU = Debug|Any CPU
		Release|Any CPU = Release|Any CPU
	EndGlobalSection
	GlobalSection(ProjectConfigurationPlatforms) = postSolution
		{010DFB26-2F0D-4688-98F6-6F360187DCD4}.Debug|Any CPU.ActiveCfg = Debug|Any CPU
		{010DFB26-2F0D-4688-98F6-6F360187DCD4}.Debug|Any CPU.Build.0 = Debug|Any CPU
		{010DFB26-2F0D-4688-98F6-6F360187DCD4}.Release|Any CPU.ActiveCfg = Release|Any CPU
		{010DFB26-2F0D-4688-98F6-6F360187DCD4}.Release|Any CPU.Build.0 = Release|Any CPU
	EndGlobalSection
	GlobalSection(SolutionProperties) = preSolution
		HideSolutionNode = FALSE
	EndGlobalSection
	GlobalSection(ExtensibilityGlobals) = postSolution
		SolutionGuid = {DDC8985D-3407-41B7-A4F4-A082813C882D}
	EndGlobalSection
EndGlobal
